{
  "name": "graphql-code-generator-error",
  "version": "1.0.0",
  "lockfileVersion": 1,
  "requires": true,
  "dependencies": {
    "@graphql-codegen/cli": {
      "version": "1.0.7",
      "resolved": "https://registry.npmjs.org/@graphql-codegen/cli/-/cli-1.0.7.tgz",
      "integrity": "sha512-GHmUPI0F83lKLlpcwWj4yUOFJW5yvhURpCCoPlczg7GDBuo2RS4EP04j3nVVGQFcjigCRpFdZn+AtawP55SSog==",
      "requires": {
        "@graphql-codegen/core": "1.0.7",
        "@graphql-codegen/plugin-helpers": "1.0.7",
        "@types/babylon": "6.16.5",
        "@types/is-glob": "4.0.1",
        "@types/mkdirp": "0.5.2",
        "@types/prettier": "1.16.1",
        "@types/valid-url": "1.0.2",
        "babel-types": "7.0.0-beta.3",
        "babylon": "7.0.0-beta.47",
        "chalk": "2.4.2",
        "change-case": "3.1.0",
        "chokidar": "2.1.5",
        "commander": "2.20.0",
        "common-tags": "1.8.0",
        "detect-indent": "5.0.0",
        "glob": "7.1.3",
        "graphql-config": "2.2.1",
        "graphql-import": "0.7.1",
        "graphql-tag-pluck": "0.8.0",
        "graphql-toolkit": "0.2.9",
        "graphql-tools": "4.0.4",
        "indent-string": "3.2.0",
        "inquirer": "6.2.2",
        "is-glob": "4.0.1",
        "is-valid-path": "0.1.1",
        "js-yaml": "3.13.1",
        "json-to-pretty-yaml": "1.2.2",
        "listr": "0.14.3",
        "listr-update-renderer": "0.5.0",
        "log-symbols": "2.2.0",
        "log-update": "3.2.0",
        "mkdirp": "0.5.1",
        "prettier": "1.16.4",
        "request": "2.88.0",
        "ts-log": "2.1.4",
        "tslib": "1.9.3",
        "valid-url": "1.0.9"
      }
    },
    "@graphql-codegen/plugin-helpers": {
      "version": "1.0.7",
      "resolved": "https://registry.npmjs.org/@graphql-codegen/plugin-helpers/-/plugin-helpers-1.0.7.tgz",
      "integrity": "sha512-9OlbAouUE+YdY/WMQ+me6waRu5lw9/7g+4/+yufy+rbZPtacX7DJswOtcr2zRLv3L1KuuK61O8fl9wXMhps4BA==",
      "dev": true,
      "requires": {
        "change-case": "3.1.0",
        "common-tags": "1.8.0",
        "import-from": "2.1.0",
        "tslib": "1.9.3"
      }
    },
    "@graphql-codegen/typescript": {
      "version": "1.0.7",
      "resolved": "https://registry.npmjs.org/@graphql-codegen/typescript/-/typescript-1.0.7.tgz",
      "integrity": "sha512-V3xyJnknVYNZn/LO47j9+HQoOJa/vGVcm5jo3INIi54V7l3X5apHJX+Pej8Wpw9hS4+NmHrtWQ51HkEqh7BmKg==",
      "dev": true,
      "requires": {
        "@graphql-codegen/plugin-helpers": "1.0.7",
        "@graphql-codegen/visitor-plugin-common": "1.0.7",
        "tslib": "1.9.3"
      }
    },
    "@graphql-codegen/typescript-operations": {
      "version": "1.0.7",
      "resolved": "https://registry.npmjs.org/@graphql-codegen/typescript-operations/-/typescript-operations-1.0.7.tgz",
      "integrity": "sha512-LyyRCEB/6VAKWyatGVyAqj0aE8xJbhjtCcKApJmykr89RrVpwk+9pI+cyOoqUIssQAHnLsCfL1tq5lmjcXikHg==",
      "dev": true,
      "requires": {
        "@graphql-codegen/plugin-helpers": "1.0.7",
        "@graphql-codegen/typescript": "1.0.7",
        "@graphql-codegen/visitor-plugin-common": "1.0.7",
        "tslib": "1.9.3"
      }
    },
    "@graphql-codegen/typescript-react-apollo": {
      "version": "1.0.7",
      "resolved": "https://registry.npmjs.org/@graphql-codegen/typescript-react-apollo/-/typescript-react-apollo-1.0.7.tgz",
      "integrity": "sha512-VwFFXE/PtW9EEXS7QqWjZAv0/QLI/eQM3L183fO+lPEI4Zd0t3+8F1kFr0OLZ5l9qORSnlTXzDBtrIN5m9Y8Qw==",
      "dev": true,
      "requires": {
        "@graphql-codegen/plugin-helpers": "1.0.7",
        "@graphql-codegen/visitor-plugin-common": "1.0.7",
        "tslib": "1.9.3"
      }
    },
    "@graphql-codegen/visitor-plugin-common": {
      "version": "1.0.7",
      "resolved": "https://registry.npmjs.org/@graphql-codegen/visitor-plugin-common/-/visitor-plugin-common-1.0.7.tgz",
      "integrity": "sha512-MN/ZKywNR2pVDQOKgEyz79X7Inm4qpinR+ktoO05tRrqL216niLLKHILNoRDxkuLq/T4hNFFNiP8kdlx+frnAQ==",
      "dev": true,
      "requires": {
        "@graphql-codegen/plugin-helpers": "1.0.7",
        "auto-bind": "2.0.0",
        "dependency-graph": "0.8.0",
        "graphql-tag": "2.10.1",
        "tslib": "1.9.3"
      }
    },
    "auto-bind": {
      "version": "2.0.0",
      "resolved": "https://registry.npmjs.org/auto-bind/-/auto-bind-2.0.0.tgz",
      "integrity": "sha512-rvRBv0/O7iriUMqSzTDhAfyAD1vVnElAEruo5rMSFeYLA0iKDEzLPSJiwMnL86+IPpTlhfOIAzjoKZ9TaySYdA==",
      "dev": true
    },
    "camel-case": {
      "version": "3.0.0",
      "resolved": "https://registry.npmjs.org/camel-case/-/camel-case-3.0.0.tgz",
      "integrity": "sha1-yjw2iKTpzzpM2nd9xNy8cTJJz3M=",
      "dev": true,
      "requires": {
        "no-case": "^2.2.0",
        "upper-case": "^1.1.1"
      }
    },
    "change-case": {
      "version": "3.1.0",
      "resolved": "https://registry.npmjs.org/change-case/-/change-case-3.1.0.tgz",
      "integrity": "sha512-2AZp7uJZbYEzRPsFoa+ijKdvp9zsrnnt6+yFokfwEpeJm0xuJDVoxiRCAaTzyJND8GJkofo2IcKWaUZ/OECVzw==",
      "dev": true,
      "requires": {
        "camel-case": "^3.0.0",
        "constant-case": "^2.0.0",
        "dot-case": "^2.1.0",
        "header-case": "^1.0.0",
        "is-lower-case": "^1.1.0",
        "is-upper-case": "^1.1.0",
        "lower-case": "^1.1.1",
        "lower-case-first": "^1.0.0",
        "no-case": "^2.3.2",
        "param-case": "^2.1.0",
        "pascal-case": "^2.0.0",
        "path-case": "^2.1.0",
        "sentence-case": "^2.1.0",
        "snake-case": "^2.1.0",
        "swap-case": "^1.1.0",
        "title-case": "^2.1.0",
        "upper-case": "^1.1.1",
        "upper-case-first": "^1.1.0"
      }
    },
    "common-tags": {
      "version": "1.8.0",
      "resolved": "https://registry.npmjs.org/common-tags/-/common-tags-1.8.0.tgz",
      "integrity": "sha512-6P6g0uetGpW/sdyUy/iQQCbFF0kWVMSIVSyYz7Zgjcgh8mgw8PQzDNZeyZ5DQ2gM7LBoZPHmnjz8rUthkBG5tw==",
      "dev": true
    },
    "constant-case": {
      "version": "2.0.0",
      "resolved": "https://registry.npmjs.org/constant-case/-/constant-case-2.0.0.tgz",
      "integrity": "sha1-QXV2TTidP6nI7NKRhu1gBSQ7akY=",
      "dev": true,
      "requires": {
        "snake-case": "^2.1.0",
        "upper-case": "^1.1.1"
      }
    },
    "dependency-graph": {
      "version": "0.8.0",
      "resolved": "https://registry.npmjs.org/dependency-graph/-/dependency-graph-0.8.0.tgz",
      "integrity": "sha512-DCvzSq2UiMsuLnj/9AL484ummEgLtZIcRS7YvtO38QnpX3vqh9nJ8P+zhu8Ja+SmLrBHO2iDbva20jq38qvBkQ==",
      "dev": true
    },
    "dot-case": {
      "version": "2.1.1",
      "resolved": "https://registry.npmjs.org/dot-case/-/dot-case-2.1.1.tgz",
      "integrity": "sha1-NNzzf1Co6TwrO8qLt/uRVcfaO+4=",
      "dev": true,
      "requires": {
        "no-case": "^2.2.0"
      }
    },
    "graphql": {
      "version": "14.2.1",
      "resolved": "https://registry.npmjs.org/graphql/-/graphql-14.2.1.tgz",
      "integrity": "sha512-2PL1UbvKeSjy/lUeJqHk+eR9CvuErXoCNwJI4jm3oNFEeY+9ELqHNKO1ZuSxAkasPkpWbmT/iMRMFxd3cEL3tQ==",
      "requires": {
        "iterall": "^1.2.2"
      }
    },
    "graphql-tag": {
      "version": "2.10.1",
      "resolved": "https://registry.npmjs.org/graphql-tag/-/graphql-tag-2.10.1.tgz",
      "integrity": "sha512-jApXqWBzNXQ8jYa/HLkZJaVw9jgwNqZkywa2zfFn16Iv1Zb7ELNHkJaXHR7Quvd5SIGsy6Ny7SUKATgnu05uEg=="
    },
    "header-case": {
      "version": "1.0.1",
      "resolved": "https://registry.npmjs.org/header-case/-/header-case-1.0.1.tgz",
      "integrity": "sha1-lTWXMZfBRLCWE81l0xfvGZY70C0=",
      "dev": true,
      "requires": {
        "no-case": "^2.2.0",
        "upper-case": "^1.1.3"
      }
    },
    "import-from": {
      "version": "2.1.0",
      "resolved": "https://registry.npmjs.org/import-from/-/import-from-2.1.0.tgz",
      "integrity": "sha1-M1238qev/VOqpHHUuAId7ja387E=",
      "dev": true,
      "requires": {
        "resolve-from": "^3.0.0"
      }
    },
    "is-lower-case": {
      "version": "1.1.3",
      "resolved": "https://registry.npmjs.org/is-lower-case/-/is-lower-case-1.1.3.tgz",
      "integrity": "sha1-fhR75HaNxGbbO/shzGCzHmrWk5M=",
      "dev": true,
      "requires": {
        "lower-case": "^1.1.0"
      }
    },
    "is-upper-case": {
      "version": "1.1.2",
      "resolved": "https://registry.npmjs.org/is-upper-case/-/is-upper-case-1.1.2.tgz",
      "integrity": "sha1-jQsfp+eTOh5YSDYA7H2WYcuvdW8=",
      "dev": true,
      "requires": {
        "upper-case": "^1.1.0"
      }
    },
    "iterall": {
      "version": "1.2.2",
      "resolved": "https://registry.npmjs.org/iterall/-/iterall-1.2.2.tgz",
      "integrity": "sha512-yynBb1g+RFUPY64fTrFv7nsjRrENBQJaX2UL+2Szc9REFrSNm1rpSXHGzhmAy7a9uv3vlvgBlXnf9RqmPH1/DA=="
    },
    "lower-case": {
      "version": "1.1.4",
      "resolved": "https://registry.npmjs.org/lower-case/-/lower-case-1.1.4.tgz",
      "integrity": "sha1-miyr0bno4K6ZOkv31YdcOcQujqw=",
      "dev": true
    },
    "lower-case-first": {
      "version": "1.0.2",
      "resolved": "https://registry.npmjs.org/lower-case-first/-/lower-case-first-1.0.2.tgz",
      "integrity": "sha1-5dp8JvKacHO+AtUrrJmA5ZIq36E=",
      "dev": true,
      "requires": {
        "lower-case": "^1.1.2"
      }
    },
    "no-case": {
      "version": "2.3.2",
      "resolved": "https://registry.npmjs.org/no-case/-/no-case-2.3.2.tgz",
      "integrity": "sha512-rmTZ9kz+f3rCvK2TD1Ue/oZlns7OGoIWP4fc3llxxRXlOkHKoWPPWJOfFYpITabSow43QJbRIoHQXtt10VldyQ==",
      "dev": true,
      "requires": {
        "lower-case": "^1.1.1"
      }
    },
    "param-case": {
      "version": "2.1.1",
      "resolved": "https://registry.npmjs.org/param-case/-/param-case-2.1.1.tgz",
      "integrity": "sha1-35T9jPZTHs915r75oIWPvHK+Ikc=",
      "dev": true,
      "requires": {
        "no-case": "^2.2.0"
      }
    },
    "pascal-case": {
      "version": "2.0.1",
      "resolved": "https://registry.npmjs.org/pascal-case/-/pascal-case-2.0.1.tgz",
      "integrity": "sha1-LVeNNFX2YNpl7KGO+VtODekSdh4=",
      "dev": true,
      "requires": {
        "camel-case": "^3.0.0",
        "upper-case-first": "^1.1.0"
      }
    },
    "path-case": {
      "version": "2.1.1",
      "resolved": "https://registry.npmjs.org/path-case/-/path-case-2.1.1.tgz",
      "integrity": "sha1-lLgDfDctP+KQbkZbtF4l0ibo7qU=",
      "dev": true,
      "requires": {
        "no-case": "^2.2.0"
      }
    },
    "resolve-from": {
      "version": "3.0.0",
      "resolved": "https://registry.npmjs.org/resolve-from/-/resolve-from-3.0.0.tgz",
      "integrity": "sha1-six699nWiBvItuZTM17rywoYh0g=",
      "dev": true
    },
    "sentence-case": {
      "version": "2.1.1",
      "resolved": "https://registry.npmjs.org/sentence-case/-/sentence-case-2.1.1.tgz",
      "integrity": "sha1-H24t2jnBaL+S0T+G1KkYkz9mftQ=",
      "dev": true,
      "requires": {
        "no-case": "^2.2.0",
        "upper-case-first": "^1.1.2"
      }
    },
    "snake-case": {
      "version": "2.1.0",
      "resolved": "https://registry.npmjs.org/snake-case/-/snake-case-2.1.0.tgz",
      "integrity": "sha1-Qb2xtz8w7GagTU4srRt2OH1NbZ8=",
      "dev": true,
      "requires": {
        "no-case": "^2.2.0"
      }
    },
    "swap-case": {
      "version": "1.1.2",
      "resolved": "https://registry.npmjs.org/swap-case/-/swap-case-1.1.2.tgz",
      "integrity": "sha1-w5IDpFhzhfrTyFCgvRvK+ggZdOM=",
      "dev": true,
      "requires": {
        "lower-case": "^1.1.1",
        "upper-case": "^1.1.1"
      }
    },
    "title-case": {
      "version": "2.1.1",
      "resolved": "https://registry.npmjs.org/title-case/-/title-case-2.1.1.tgz",
      "integrity": "sha1-PhJyFtpY0rxb7PE3q5Ha46fNj6o=",
      "dev": true,
      "requires": {
        "no-case": "^2.2.0",
        "upper-case": "^1.0.3"
      }
    },
    "tslib": {
      "version": "1.9.3",
      "resolved": "https://registry.npmjs.org/tslib/-/tslib-1.9.3.tgz",
      "integrity": "sha512-4krF8scpejhaOgqzBEcGM7yDIEfi0/8+8zDRZhNZZ2kjmHJ4hv3zCbQWxoJGz1iw5U0Jl0nma13xzHXcncMavQ==",
      "dev": true
    },
    "upper-case": {
      "version": "1.1.3",
      "resolved": "https://registry.npmjs.org/upper-case/-/upper-case-1.1.3.tgz",
      "integrity": "sha1-9rRQHC7EzdJrp4vnIilh3ndiFZg=",
      "dev": true
    },
    "upper-case-first": {
      "version": "1.1.2",
      "resolved": "https://registry.npmjs.org/upper-case-first/-/upper-case-first-1.1.2.tgz",
      "integrity": "sha1-XXm+3P8UQZUY/S7bCgUHybaFkRU=",
      "dev": true,
      "requires": {
        "upper-case": "^1.1.1"
      }
    }
  }
}
